
Microsoft Visual Studio Solution File, Format Version 12.00
# Visual Studio 15
VisualStudioVersion = 15.0.28010.2041
MinimumVisualStudioVersion = 10.0.40219.1
Project("{FAE04EC0-301F-11D3-BF4B-00C04F79EFBC}") = "SampleApp", "SampleApp\SampleApp.csproj", "{804F7588-54C8-4140-8FB1-866744889709}"
EndProject
Global
	GlobalSection(SolutionConfigurationPlatforms) = preSolution
		Debug|Any CPU = Debug|Any CPU
		Release|Any CPU = Release|Any CPU
	EndGlobalSection
	GlobalSection(ProjectConfigurationPlatforms) = postSolution
		{804F7588-54C8-4140-8FB1-866744889709}.Debug|Any CPU.ActiveCfg = Debug|Any CPU
		{804F7588-54C8-4140-8FB1-866744889709}.Debug|Any CPU.Build.0 = Debug|Any CPU
		{804F7588-54C8-4140-8FB1-866744889709}.Release|Any CPU.ActiveCfg = Release|Any CPU
		{804F7588-54C8-4140-8FB1-866744889709}.Release|Any CPU.Build.0 = Release|Any CPU
	EndGlobalSection
	GlobalSection(SolutionProperties) = preSolution
		HideSolutionNode = FALSE
	EndGlobalSection
	GlobalSection(ExtensibilityGlobals) = postSolution
		SolutionGuid = {DC53BEAF-3240-4DC2-90A5-B8F086B7072C}
	EndGlobalSection
EndGlobal
